
Microsoft Visual Studio Solution File, Format Version 12.00
# Visual Studio Version 17
VisualStudioVersion = 17.1.32414.318
MinimumVisualStudioVersion = 10.0.40219.1
Project("{9A19103F-16F7-4668-BE54-9A1E7A4F7556}") = "WPFUserInterface", "WPFUserInterface\WPFUserInterface.csproj", "{9FEF66F1-AAFD-4A3F-A95B-0532F4109E8C}"
EndProject
Global
	GlobalSection(SolutionConfigurationPlatforms) = preSolution
		Debug|Any CPU = Debug|Any CPU
		Release|Any CPU = Release|Any CPU
	EndGlobalSection
	GlobalSection(ProjectConfigurationPlatforms) = postSolution
		{9FEF66F1-AAFD-4A3F-A95B-0532F4109E8C}.Debug|Any CPU.ActiveCfg = Debug|Any CPU
		{9FEF66F1-AAFD-4A3F-A95B-0532F4109E8C}.Debug|Any CPU.Build.0 = Debug|Any CPU
		{9FEF66F1-AAFD-4A3F-A95B-0532F4109E8C}.Release|Any CPU.ActiveCfg = Release|Any CPU
		{9FEF66F1-AAFD-4A3F-A95B-0532F4109E8C}.Release|Any CPU.Build.0 = Release|Any CPU
	EndGlobalSection
	GlobalSection(SolutionProperties) = preSolution
		HideSolutionNode = FALSE
	EndGlobalSection
	GlobalSection(ExtensibilityGlobals) = postSolution
		SolutionGuid = {A5336B55-7F03-4525-B64E-543BDEC0D318}
	EndGlobalSection
EndGlobal
